
Microsoft Visual Studio Solution File, Format Version 12.00
# Visual Studio Version 16
VisualStudioVersion = 16.0.30804.86
MinimumVisualStudioVersion = 10.0.40219.1
Project("{9A19103F-16F7-4668-BE54-9A1E7A4F7556}") = "ApiProdutos", "ApiProdutos\ApiProdutos.csproj", "{C3BEEE87-C4E4-4360-AC0C-24C559D1CE55}"
EndProject
Project("{FAE04EC0-301F-11D3-BF4B-00C04F79EFBC}") = "WpfApp", "WpfApp\WpfApp.csproj", "{65CA7734-373B-4133-91E6-EC5C6E61A90B}"
EndProject
Global
	GlobalSection(SolutionConfigurationPlatforms) = preSolution
		Debug|Any CPU = Debug|Any CPU
		Release|Any CPU = Release|Any CPU
	EndGlobalSection
	GlobalSection(ProjectConfigurationPlatforms) = postSolution
		{C3BEEE87-C4E4-4360-AC0C-24C559D1CE55}.Debug|Any CPU.ActiveCfg = Debug|Any CPU
		{C3BEEE87-C4E4-4360-AC0C-24C559D1CE55}.Debug|Any CPU.Build.0 = Debug|Any CPU
		{C3BEEE87-C4E4-4360-AC0C-24C559D1CE55}.Release|Any CPU.ActiveCfg = Release|Any CPU
		{C3BEEE87-C4E4-4360-AC0C-24C559D1CE55}.Release|Any CPU.Build.0 = Release|Any CPU
		{65CA7734-373B-4133-91E6-EC5C6E61A90B}.Debug|Any CPU.ActiveCfg = Debug|Any CPU
		{65CA7734-373B-4133-91E6-EC5C6E61A90B}.Debug|Any CPU.Build.0 = Debug|Any CPU
		{65CA7734-373B-4133-91E6-EC5C6E61A90B}.Release|Any CPU.ActiveCfg = Release|Any CPU
		{65CA7734-373B-4133-91E6-EC5C6E61A90B}.Release|Any CPU.Build.0 = Release|Any CPU
	EndGlobalSection
	GlobalSection(SolutionProperties) = preSolution
		HideSolutionNode = FALSE
	EndGlobalSection
	GlobalSection(ExtensibilityGlobals) = postSolution
		SolutionGuid = {C3CE093C-0872-41EA-8C10-46C5E6E3C158}
	EndGlobalSection
EndGlobal
